[root]
name = "falconos"
version = "0.1.0"
dependencies = [
 "rlibc 0.1.4 (registry+https://github.com/rust-lang/crates.io-index)",
 "spin 0.3.4 (registry+https://github.com/rust-lang/crates.io-index)",
]

[[package]]
name = "rlibc"
version = "0.1.4"
source = "registry+https://github.com/rust-lang/crates.io-index"

[[package]]
name = "spin"
version = "0.3.4"
source = "registry+https://github.com/rust-lang/crates.io-index"

[metadata]
"checksum rlibc 0.1.4 (registry+https://github.com/rust-lang/crates.io-index)" = "c22517d580b6e155b1b25e66e3445462870a26c5088a04e20a21d58d3bcba704"
"checksum spin 0.3.4 (registry+https://github.com/rust-lang/crates.io-index)" = "f2ebe515528c1be66f2046f15392b57eab88f6a9158fc72a566ae1590e465277"
